
Microsoft Visual Studio Solution File, Format Version 12.00
# Visual Studio 15
VisualStudioVersion = 15.0.27703.2000
MinimumVisualStudioVersion = 10.0.40219.1
Project("{8BC9CEB8-8B4A-11D0-8D11-00A0C91BC942}") = "6263_Hoang_Hiep_Nguyen_Assignment2", "6263_Hoang_Hiep_Nguyen_Assignment2\6263_Hoang_Hiep_Nguyen_Assignment2.vcxproj", "{F491CF88-095E-4735-AEA4-32519F3D6A3F}"
EndProject
Global
	GlobalSection(SolutionConfigurationPlatforms) = preSolution
		Debug|x64 = Debug|x64
		Debug|x86 = Debug|x86
		Release|x64 = Release|x64
		Release|x86 = Release|x86
	EndGlobalSection
	GlobalSection(ProjectConfigurationPlatforms) = postSolution
		{F491CF88-095E-4735-AEA4-32519F3D6A3F}.Debug|x64.ActiveCfg = Debug|x64
		{F491CF88-095E-4735-AEA4-32519F3D6A3F}.Debug|x64.Build.0 = Debug|x64
		{F491CF88-095E-4735-AEA4-32519F3D6A3F}.Debug|x86.ActiveCfg = Debug|Win32
		{F491CF88-095E-4735-AEA4-32519F3D6A3F}.Debug|x86.Build.0 = Debug|Win32
		{F491CF88-095E-4735-AEA4-32519F3D6A3F}.Release|x64.ActiveCfg = Release|x64
		{F491CF88-095E-4735-AEA4-32519F3D6A3F}.Release|x64.Build.0 = Release|x64
		{F491CF88-095E-4735-AEA4-32519F3D6A3F}.Release|x86.ActiveCfg = Release|Win32
		{F491CF88-095E-4735-AEA4-32519F3D6A3F}.Release|x86.Build.0 = Release|Win32
	EndGlobalSection
	GlobalSection(SolutionProperties) = preSolution
		HideSolutionNode = FALSE
	EndGlobalSection
	GlobalSection(ExtensibilityGlobals) = postSolution
		SolutionGuid = {42C7BFA1-2F3B-471D-B7E9-E976537B460A}
	EndGlobalSection
EndGlobal
